
Microsoft Visual Studio Solution File, Format Version 12.00
# Visual Studio Version 17
VisualStudioVersion = 17.10.35122.118
MinimumVisualStudioVersion = 10.0.40219.1
Project("{FAE04EC0-301F-11D3-BF4B-00C04F79EFBC}") = "ListasTarefasMVC", "ListasTarefasMVC\ListasTarefasMVC.csproj", "{63B4B7C7-332F-469F-8718-BABD5D165375}"
EndProject
Global
	GlobalSection(SolutionConfigurationPlatforms) = preSolution
		Debug|Any CPU = Debug|Any CPU
		Release|Any CPU = Release|Any CPU
	EndGlobalSection
	GlobalSection(ProjectConfigurationPlatforms) = postSolution
		{63B4B7C7-332F-469F-8718-BABD5D165375}.Debug|Any CPU.ActiveCfg = Debug|Any CPU
		{63B4B7C7-332F-469F-8718-BABD5D165375}.Debug|Any CPU.Build.0 = Debug|Any CPU
		{63B4B7C7-332F-469F-8718-BABD5D165375}.Release|Any CPU.ActiveCfg = Release|Any CPU
		{63B4B7C7-332F-469F-8718-BABD5D165375}.Release|Any CPU.Build.0 = Release|Any CPU
	EndGlobalSection
	GlobalSection(SolutionProperties) = preSolution
		HideSolutionNode = FALSE
	EndGlobalSection
	GlobalSection(ExtensibilityGlobals) = postSolution
		SolutionGuid = {FE1E446A-6195-40B8-8F72-E85E2E018A5C}
	EndGlobalSection
EndGlobal
